
Microsoft Visual Studio Solution File, Format Version 12.00
# Visual Studio Version 17
VisualStudioVersion = 17.14.36616.10 d17.14
MinimumVisualStudioVersion = 10.0.40219.1
Project("{FAE04EC0-301F-11D3-BF4B-00C04F79EFBC}") = "TXT file operations application", "TXT file operations application\TXT file operations application.csproj", "{0661DB3E-C082-4AD4-90AE-A2D2DDFC46B2}"
EndProject
Global
	GlobalSection(SolutionConfigurationPlatforms) = preSolution
		Debug|Any CPU = Debug|Any CPU
		Release|Any CPU = Release|Any CPU
	EndGlobalSection
	GlobalSection(ProjectConfigurationPlatforms) = postSolution
		{0661DB3E-C082-4AD4-90AE-A2D2DDFC46B2}.Debug|Any CPU.ActiveCfg = Debug|Any CPU
		{0661DB3E-C082-4AD4-90AE-A2D2DDFC46B2}.Debug|Any CPU.Build.0 = Debug|Any CPU
		{0661DB3E-C082-4AD4-90AE-A2D2DDFC46B2}.Release|Any CPU.ActiveCfg = Release|Any CPU
		{0661DB3E-C082-4AD4-90AE-A2D2DDFC46B2}.Release|Any CPU.Build.0 = Release|Any CPU
	EndGlobalSection
	GlobalSection(SolutionProperties) = preSolution
		HideSolutionNode = FALSE
	EndGlobalSection
	GlobalSection(ExtensibilityGlobals) = postSolution
		SolutionGuid = {6B406835-1C02-4C2F-A622-EA2FB16FD98A}
	EndGlobalSection
EndGlobal
